download_openXBOW:
  cmd: mkdir -p openxbow; wget -O openxbow/openXBOW.jar https://raw.githubusercontent.com/openXBOW/openXBOW/master/openXBOW.jar
  deps:
  - path: https://raw.githubusercontent.com/openXBOW/openXBOW/master/openXBOW.jar
    etag: W/"cff6e4ec412cf2ffa018090e7b84b90a5481c253d2152a9144575e84b7042aa3"
  outs:
  - path: openxbow
    md5: 999ae012f37da4d4711a214d910f35c1.dir
    size: 94445
    nfiles: 1
